
Microsoft Visual Studio Solution File, Format Version 12.00
# Visual Studio Version 17
VisualStudioVersion = 17.14.36301.6 d17.14
MinimumVisualStudioVersion = 10.0.40219.1
Project("{FAE04EC0-301F-11D3-BF4B-00C04F79EFBC}") = "IoT Device Management", "IoT Device Management.csproj", "{51DAD898-4B01-4951-8F07-9F4DDB6A733D}"
EndProject
Global
	GlobalSection(SolutionConfigurationPlatforms) = preSolution
		Debug|Any CPU = Debug|Any CPU
		Release|Any CPU = Release|Any CPU
	EndGlobalSection
	GlobalSection(ProjectConfigurationPlatforms) = postSolution
		{51DAD898-4B01-4951-8F07-9F4DDB6A733D}.Debug|Any CPU.ActiveCfg = Debug|Any CPU
		{51DAD898-4B01-4951-8F07-9F4DDB6A733D}.Debug|Any CPU.Build.0 = Debug|Any CPU
		{51DAD898-4B01-4951-8F07-9F4DDB6A733D}.Release|Any CPU.ActiveCfg = Release|Any CPU
		{51DAD898-4B01-4951-8F07-9F4DDB6A733D}.Release|Any CPU.Build.0 = Release|Any CPU
	EndGlobalSection
	GlobalSection(SolutionProperties) = preSolution
		HideSolutionNode = FALSE
	EndGlobalSection
	GlobalSection(ExtensibilityGlobals) = postSolution
		SolutionGuid = {59CDFDA9-6825-45F3-85BD-739E14FD9930}
	EndGlobalSection
EndGlobal
